
Microsoft Visual Studio Solution File, Format Version 12.00
# Visual Studio Version 16
VisualStudioVersion = 16.0.33130.400
MinimumVisualStudioVersion = 10.0.40219.1
Project("{FAE04EC0-301F-11D3-BF4B-00C04F79EFBC}") = "SearchForCriminals", "SearchForCriminals\SearchForCriminals.csproj", "{2129DEEF-E675-432C-97F5-47DD37F6D21F}"
EndProject
Global
	GlobalSection(SolutionConfigurationPlatforms) = preSolution
		Debug|Any CPU = Debug|Any CPU
		Release|Any CPU = Release|Any CPU
	EndGlobalSection
	GlobalSection(ProjectConfigurationPlatforms) = postSolution
		{2129DEEF-E675-432C-97F5-47DD37F6D21F}.Debug|Any CPU.ActiveCfg = Debug|Any CPU
		{2129DEEF-E675-432C-97F5-47DD37F6D21F}.Debug|Any CPU.Build.0 = Debug|Any CPU
		{2129DEEF-E675-432C-97F5-47DD37F6D21F}.Release|Any CPU.ActiveCfg = Release|Any CPU
		{2129DEEF-E675-432C-97F5-47DD37F6D21F}.Release|Any CPU.Build.0 = Release|Any CPU
	EndGlobalSection
	GlobalSection(SolutionProperties) = preSolution
		HideSolutionNode = FALSE
	EndGlobalSection
	GlobalSection(ExtensibilityGlobals) = postSolution
		SolutionGuid = {96A30226-37AF-47A5-9AA9-D1683DECEA21}
	EndGlobalSection
EndGlobal
